// !$*UTF8*$!
{
	archiveVersion = 1;
	classes = {
	};
	objectVersion = 46;
	objects = {

/* Begin PBXBuildFile section */
		9620610318D88BBD00FBAB28 /* Foundation.framework in Frameworks */ = {isa = PBXBuildFile; fileRef = 9620610218D88BBD00FBAB28 /* Foundation.framework */; };
		9620610518D88BBD00FBAB28 /* CoreGraphics.framework in Frameworks */ = {isa = PBXBuildFile; fileRef = 9620610418D88BBD00FBAB28 /* CoreGraphics.framework */; };
		9620610718D88BBD00FBAB28 /* UIKit.framework in Frameworks */ = {isa = PBXBuildFile; fileRef = 9620610618D88BBD00FBAB28 /* UIKit.framework */; };
		9620610D18D88BBD00FBAB28 /* InfoPlist.strings in Resources */ = {isa = PBXBuildFile; fileRef = 9620610B18D88BBD00FBAB28 /* InfoPlist.strings */; };
		9620610F18D88BBD00FBAB28 /* main.m in Sources */ = {isa = PBXBuildFile; fileRef = 9620610E18D88BBD00FBAB28 /* main.m */; };
		9620611318D88BBD00FBAB28 /* LGLAppDelegate.m in Sources */ = {isa = PBXBuildFile; fileRef = 9620611218D88BBD00FBAB28 /* LGLAppDelegate.m */; };
		9620611618D88BBD00FBAB28 /* Main.storyboard in Resources */ = {isa = PBXBuildFile; fileRef = 9620611418D88BBD00FBAB28 /* Main.storyboard */; };
		9620611918D88BBD00FBAB28 /* LGLViewController.m in Sources */ = {isa = PBXBuildFile; fileRef = 9620611818D88BBD00FBAB28 /* LGLViewController.m */; };
		9620611B18D88BBD00FBAB28 /* Images.xcassets in Resources */ = {isa = PBXBuildFile; fileRef = 9620611A18D88BBD00FBAB28 /* Images.xcassets */; };
		9620612218D88BBD00FBAB28 /* XCTest.framework in Frameworks */ = {isa = PBXBuildFile; fileRef = 9620612118D88BBD00FBAB28 /* XCTest.framework */; };
		9620612318D88BBD00FBAB28 /* Foundation.framework in Frameworks */ = {isa = PBXBuildFile; fileRef = 9620610218D88BBD00FBAB28 /* Foundation.framework */; };
		9620612418D88BBD00FBAB28 /* UIKit.framework in Frameworks */ = {isa = PBXBuildFile; fileRef = 9620610618D88BBD00FBAB28 /* UIKit.framework */; };
		9620612C18D88BBD00FBAB28 /* InfoPlist.strings in Resources */ = {isa = PBXBuildFile; fileRef = 9620612A18D88BBD00FBAB28 /* InfoPlist.strings */; };
		9620612E18D88BBD00FBAB28 /* ExampleTests.m in Sources */ = {isa = PBXBuildFile; fileRef = 9620612D18D88BBD00FBAB28 /* ExampleTests.m */; };
/* End PBXBuildFile section */

/* Begin PBXContainerItemProxy section */
		9620612518D88BBD00FBAB28 /* PBXContainerItemProxy */ = {
			isa = PBXContainerItemProxy;
			containerPortal = 962060F718D88BBC00FBAB28 /* Project object */;
			proxyType = 1;
			remoteGlobalIDString = 962060FE18D88BBD00FBAB28;
			remoteInfo = Example;
		};
/* End PBXContainerItemProxy section */

/* Begin PBXFileReference section */
		962060FF18D88BBD00FBAB28 /* Example.app */ = {isa = PBXFileReference; explicitFileType = wrapper.application; includeInIndex = 0; path = Example.app; sourceTree = BUILT_PRODUCTS_DIR; };
		9620610218D88BBD00FBAB28 /* Foundation.framework */ = {isa = PBXFileReference; lastKnownFileType = wrapper.framework; name = Foundation.framework; path = System/Library/Frameworks/Foundation.framework; sourceTree = SDKROOT; };
		9620610418D88BBD00FBAB28 /* CoreGraphics.framework */ = {isa = PBXFileReference; lastKnownFileType = wrapper.framework; name = CoreGraphics.framework; path = System/Library/Frameworks/CoreGraphics.framework; sourceTree = SDKROOT; };
		9620610618D88BBD00FBAB28 /* UIKit.framework */ = {isa = PBXFileReference; lastKnownFileType = wrapper.framework; name = UIKit.framework; path = System/Library/Frameworks/UIKit.framework; sourceTree = SDKROOT; };
		9620610A18D88BBD00FBAB28 /* Example-Info.plist */ = {isa = PBXFileReference; lastKnownFileType = text.plist.xml; path = "Example-Info.plist"; sourceTree = "<group>"; };
		9620610C18D88BBD00FBAB28 /* en */ = {isa = PBXFileReference; lastKnownFileType = text.plist.strings; name = en; path = en.lproj/InfoPlist.strings; sourceTree = "<group>"; };
		9620610E18D88BBD00FBAB28 /* main.m */ = {isa = PBXFileReference; lastKnownFileType = sourcecode.c.objc; path = main.m; sourceTree = "<group>"; };
		9620611018D88BBD00FBAB28 /* Example-Prefix.pch */ = {isa = PBXFileReference; lastKnownFileType = sourcecode.c.h; path = "Example-Prefix.pch"; sourceTree = "<group>"; };
		9620611118D88BBD00FBAB28 /* LGLAppDelegate.h */ = {isa = PBXFileReference; lastKnownFileType = sourcecode.c.h; path = LGLAppDelegate.h; sourceTree = "<group>"; };
		9620611218D88BBD00FBAB28 /* LGLAppDelegate.m */ = {isa = PBXFileReference; lastKnownFileType = sourcecode.c.objc; path = LGLAppDelegate.m; sourceTree = "<group>"; };
		9620611518D88BBD00FBAB28 /* Base */ = {isa = PBXFileReference; lastKnownFileType = file.storyboard; name = Base; path = Base.lproj/Main.storyboard; sourceTree = "<group>"; };
		9620611718D88BBD00FBAB28 /* LGLViewController.h */ = {isa = PBXFileReference; lastKnownFileType = sourcecode.c.h; path = LGLViewController.h; sourceTree = "<group>"; };
		9620611818D88BBD00FBAB28 /* LGLViewController.m */ = {isa = PBXFileReference; lastKnownFileType = sourcecode.c.objc; path = LGLViewController.m; sourceTree = "<group>"; };
		9620611A18D88BBD00FBAB28 /* Images.xcassets */ = {isa = PBXFileReference; lastKnownFileType = folder.assetcatalog; path = Images.xcassets; sourceTree = "<group>"; };
		9620612018D88BBD00FBAB28 /* ExampleTests.xctest */ = {isa = PBXFileReference; explicitFileType = wrapper.cfbundle; includeInIndex = 0; path = ExampleTests.xctest; sourceTree = BUILT_PRODUCTS_DIR; };
		9620612118D88BBD00FBAB28 /* XCTest.framework */ = {isa = PBXFileReference; lastKnownFileType = wrapper.framework; name = XCTest.framework; path = Library/Frameworks/XCTest.framework; sourceTree = DEVELOPER_DIR; };
		9620612918D88BBD00FBAB28 /* ExampleTests-Info.plist */ = {isa = PBXFileReference; lastKnownFileType = text.plist.xml; path = "ExampleTests-Info.plist"; sourceTree = "<group>"; };
		9620612B18D88BBD00FBAB28 /* en */ = {isa = PBXFileReference; lastKnownFileType = text.plist.strings; name = en; path = en.lproj/InfoPlist.strings; sourceTree = "<group>"; };
		9620612D18D88BBD00FBAB28 /* ExampleTests.m */ = {isa = PBXFileReference; lastKnownFileType = sourcecode.c.objc; path = ExampleTests.m; sourceTree = "<group>"; };
/* End PBXFileReference section */

/* Begin PBXFrameworksBuildPhase section */
		962060FC18D88BBD00FBAB28 /* Frameworks */ = {
			isa = PBXFrameworksBuildPhase;
			buildActionMask = 2147483647;
			files = (
				9620610518D88BBD00FBAB28 /* CoreGraphics.framework in Frameworks */,
				9620610718D88BBD00FBAB28 /* UIKit.framework in Frameworks */,
				9620610318D88BBD00FBAB28 /* Foundation.framework in Frameworks */,
			);
			runOnlyForDeploymentPostprocessing = 0;
		};
		9620611D18D88BBD00FBAB28 /* Frameworks */ = {
			isa = PBXFrameworksBuildPhase;
			buildActionMask = 2147483647;
			files = (
				9620612218D88BBD00FBAB28 /* XCTest.framework in Frameworks */,
				9620612418D88BBD00FBAB28 /* UIKit.framework in Frameworks */,
				9620612318D88BBD00FBAB28 /* Foundation.framework in Frameworks */,
			);
			runOnlyForDeploymentPostprocessing = 0;
		};
/* End PBXFrameworksBuildPhase section */

/* Begin PBXGroup section */
		962060F618D88BBC00FBAB28 = {
			isa = PBXGroup;
			children = (
				9620610818D88BBD00FBAB28 /* Example */,
				9620612718D88BBD00FBAB28 /* ExampleTests */,
				9620610118D88BBD00FBAB28 /* Frameworks */,
				9620610018D88BBD00FBAB28 /* Products */,
			);
			sourceTree = "<group>";
		};
		9620610018D88BBD00FBAB28 /* Products */ = {
			isa = PBXGroup;
			children = (
				962060FF18D88BBD00FBAB28 /* Example.app */,
				9620612018D88BBD00FBAB28 /* ExampleTests.xctest */,
			);
			name = Products;
			sourceTree = "<group>";
		};
		9620610118D88BBD00FBAB28 /* Frameworks */ = {
			isa = PBXGroup;
			children = (
				9620610218D88BBD00FBAB28 /* Foundation.framework */,
				9620610418D88BBD00FBAB28 /* CoreGraphics.framework */,
				9620610618D88BBD00FBAB28 /* UIKit.framework */,
				9620612118D88BBD00FBAB28 /* XCTest.framework */,
			);
			name = Frameworks;
			sourceTree = "<group>";
		};
		9620610818D88BBD00FBAB28 /* Example */ = {
			isa = PBXGroup;
			children = (
				9620611118D88BBD00FBAB28 /* LGLAppDelegate.h */,
				9620611218D88BBD00FBAB28 /* LGLAppDelegate.m */,
				9620611418D88BBD00FBAB28 /* Main.storyboard */,
				9620611718D88BBD00FBAB28 /* LGLViewController.h */,
				9620611818D88BBD00FBAB28 /* LGLViewController.m */,
				9620611A18D88BBD00FBAB28 /* Images.xcassets */,
				9620610918D88BBD00FBAB28 /* Supporting Files */,
			);
			path = Example;
			sourceTree = "<group>";
		};
		9620610918D88BBD00FBAB28 /* Supporting Files */ = {
			isa = PBXGroup;
			children = (
				9620610A18D88BBD00FBAB28 /* Example-Info.plist */,
				9620610B18D88BBD00FBAB28 /* InfoPlist.strings */,
				9620610E18D88BBD00FBAB28 /* main.m */,
				9620611018D88BBD00FBAB28 /* Example-Prefix.pch */,
			);
			name = "Supporting Files";
			sourceTree = "<group>";
		};
		9620612718D88BBD00FBAB28 /* ExampleTests */ = {
			isa = PBXGroup;
			children = (
				9620612D18D88BBD00FBAB28 /* ExampleTests.m */,
				9620612818D88BBD00FBAB28 /* Supporting Files */,
			);
			path = ExampleTests;
			sourceTree = "<group>";
		};
		9620612818D88BBD00FBAB28 /* Supporting Files */ = {
			isa = PBXGroup;
			children = (
				9620612918D88BBD00FBAB28 /* ExampleTests-Info.plist */,
				9620612A18D88BBD00FBAB28 /* InfoPlist.strings */,
			);
			name = "Supporting Files";
			sourceTree = "<group>";
		};
/* End PBXGroup section */

/* Begin PBXNativeTarget section */
		962060FE18D88BBD00FBAB28 /* Example */ = {
			isa = PBXNativeTarget;
			buildConfigurationList = 9620613118D88BBD00FBAB28 /* Build configuration list for PBXNativeTarget "Example" */;
			buildPhases = (
				962060FB18D88BBD00FBAB28 /* Sources */,
				962060FC18D88BBD00FBAB28 /* Frameworks */,
				962060FD18D88BBD00FBAB28 /* Resources */,
			);
			buildRules = (
			);
			dependencies = (
			);
			name = Example;
			productName = Example;
			productReference = 962060FF18D88BBD00FBAB28 /* Example.app */;
			productType = "com.apple.product-type.application";
		};
		9620611F18D88BBD00FBAB28 /* ExampleTests */ = {
			isa = PBXNativeTarget;
			buildConfigurationList = 9620613418D88BBD00FBAB28 /* Build configuration list for PBXNativeTarget "ExampleTests" */;
			buildPhases = (
				9620611C18D88BBD00FBAB28 /* Sources */,
				9620611D18D88BBD00FBAB28 /* Frameworks */,
				9620611E18D88BBD00FBAB28 /* Resources */,
			);
			buildRules = (
			);
			dependencies = (
				9620612618D88BBD00FBAB28 /* PBXTargetDependency */,
			);
			name = ExampleTests;
			productName = ExampleTests;
			productReference = 9620612018D88BBD00FBAB28 /* ExampleTests.xctest */;
			productType = "com.apple.product-type.bundle.unit-test";
		};
/* End PBXNativeTarget section */

/* Begin PBXProject section */
		962060F718D88BBC00FBAB28 /* Project object */ = {
			isa = PBXProject;
			attributes = {
				CLASSPREFIX = LGL;
				LastUpgradeCheck = 0510;
				ORGANIZATIONNAME = OnTheEasiestWay;
				TargetAttributes = {
					9620611F18D88BBD00FBAB28 = {
						TestTargetID = 962060FE18D88BBD00FBAB28;
					};
				};
			};
			buildConfigurationList = 962060FA18D88BBD00FBAB28 /* Build configuration list for PBXProject "Example" */;
			compatibilityVersion = "Xcode 3.2";
			developmentRegion = English;
			hasScannedForEncodings = 0;
			knownRegions = (
				en,
				Base,
			);
			mainGroup = 962060F618D88BBC00FBAB28;
			productRefGroup = 9620610018D88BBD00FBAB28 /* Products */;
			projectDirPath = "";
			projectRoot = "";
			targets = (
				962060FE18D88BBD00FBAB28 /* Example */,
				9620611F18D88BBD00FBAB28 /* ExampleTests */,
			);
		};
/* End PBXProject section */

/* Begin PBXResourcesBuildPhase section */
		962060FD18D88BBD00FBAB28 /* Resources */ = {
			isa = PBXResourcesBuildPhase;
			buildActionMask = 2147483647;
			files = (
				9620611B18D88BBD00FBAB28 /* Images.xcassets in Resources */,
				9620610D18D88BBD00FBAB28 /* InfoPlist.strings in Resources */,
				9620611618D88BBD00FBAB28 /* Main.storyboard in Resources */,
			);
			runOnlyForDeploymentPostprocessing = 0;
		};
		9620611E18D88BBD00FBAB28 /* Resources */ = {
			isa = PBXResourcesBuildPhase;
			buildActionMask = 2147483647;
			files = (
				9620612C18D88BBD00FBAB28 /* InfoPlist.strings in Resources */,
			);
			runOnlyForDeploymentPostprocessing = 0;
		};
/* End PBXResourcesBuildPhase section */

/* Begin PBXSourcesBuildPhase section */
		962060FB18D88BBD00FBAB28 /* Sources */ = {
			isa = PBXSourcesBuildPhase;
			buildActionMask = 2147483647;
			files = (
				9620611318D88BBD00FBAB28 /* LGLAppDelegate.m in Sources */,
				9620610F18D88BBD00FBAB28 /* main.m in Sources */,
				9620611918D88BBD00FBAB28 /* LGLViewController.m in Sources */,
			);
			runOnlyForDeploymentPostprocessing = 0;
		};
		9620611C18D88BBD00FBAB28 /* Sources */ = {
			isa = PBXSourcesBuildPhase;
			buildActionMask = 2147483647;
			files = (
				9620612E18D88BBD00FBAB28 /* ExampleTests.m in Sources */,
			);
			runOnlyForDeploymentPostprocessing = 0;
		};
/* End PBXSourcesBuildPhase section */

/* Begin PBXTargetDependency section */
		9620612618D88BBD00FBAB28 /* PBXTargetDependency */ = {
			isa = PBXTargetDependency;
			target = 962060FE18D88BBD00FBAB28 /* Example */;
			targetProxy = 9620612518D88BBD00FBAB28 /* PBXContainerItemProxy */;
		};
/* End PBXTargetDependency section */

/* Begin PBXVariantGroup section */
		9620610B18D88BBD00FBAB28 /* InfoPlist.strings */ = {
			isa = PBXVariantGroup;
			children = (
				9620610C18D88BBD00FBAB28 /* en */,
			);
			name = InfoPlist.strings;
			sourceTree = "<group>";
		};
		9620611418D88BBD00FBAB28 /* Main.storyboard */ = {
			isa = PBXVariantGroup;
			children = (
				9620611518D88BBD00FBAB28 /* Base */,
			);
			name = Main.storyboard;
			sourceTree = "<group>";
		};
		9620612A18D88BBD00FBAB28 /* InfoPlist.strings */ = {
			isa = PBXVariantGroup;
			children = (
				9620612B18D88BBD00FBAB28 /* en */,
			);
			name = InfoPlist.strings;
			sourceTree = "<group>";
		};
/* End PBXVariantGroup section */

/* Begin XCBuildConfiguration section */
		9620612F18D88BBD00FBAB28 /* Debug */ = {
			isa = XCBuildConfiguration;
			buildSettings = {
				ALWAYS_SEARCH_USER_PATHS = NO;
				CLANG_CXX_LANGUAGE_STANDARD = "gnu++0x";
				CLANG_CXX_LIBRARY = "libc++";
				CLANG_ENABLE_MODULES = YES;
				CLANG_ENABLE_OBJC_ARC = YES;
				CLANG_WARN_BOOL_CONVERSION = YES;
				CLANG_WARN_CONSTANT_CONVERSION = YES;
				CLANG_WARN_DIRECT_OBJC_ISA_USAGE = YES_ERROR;
				CLANG_WARN_EMPTY_BODY = YES;
				CLANG_WARN_ENUM_CONVERSION = YES;
				CLANG_WARN_INT_CONVERSION = YES;
				CLANG_WARN_OBJC_ROOT_CLASS = YES_ERROR;
				CLANG_WARN__DUPLICATE_METHOD_MATCH = YES;
				"CODE_SIGN_IDENTITY[sdk=iphoneos*]" = "iPhone Developer";
				COPY_PHASE_STRIP = NO;
				GCC_C_LANGUAGE_STANDARD = gnu99;
				GCC_DYNAMIC_NO_PIC = NO;
				GCC_OPTIMIZATION_LEVEL = 0;
				GCC_PREPROCESSOR_DEFINITIONS = (
					"DEBUG=1",
					"$(inherited)",
				);
				GCC_SYMBOLS_PRIVATE_EXTERN = NO;
				GCC_WARN_64_TO_32_BIT_CONVERSION = YES;
				GCC_WARN_ABOUT_RETURN_TYPE = YES_ERROR;
				GCC_WARN_UNDECLARED_SELECTOR = YES;
				GCC_WARN_UNINITIALIZED_AUTOS = YES_AGGRESSIVE;
				GCC_WARN_UNUSED_FUNCTION = YES;
				GCC_WARN_UNUSED_VARIABLE = YES;
				IPHONEOS_DEPLOYMENT_TARGET = 7.1;
				ONLY_ACTIVE_ARCH = YES;
				SDKROOT = iphoneos;
			};
			name = Debug;
		};
		9620613018D88BBD00FBAB28 /* Release */ = {
			isa = XCBuildConfiguration;
			buildSettings = {
				ALWAYS_SEARCH_USER_PATHS = NO;
				CLANG_CXX_LANGUAGE_STANDARD = "gnu++0x";
				CLANG_CXX_LIBRARY = "libc++";
				CLANG_ENABLE_MODULES = YES;
				CLANG_ENABLE_OBJC_ARC = YES;
				CLANG_WARN_BOOL_CONVERSION = YES;
				CLANG_WARN_CONSTANT_CONVERSION = YES;
				CLANG_WARN_DIRECT_OBJC_ISA_USAGE = YES_ERROR;
				CLANG_WARN_EMPTY_BODY = YES;
				CLANG_WARN_ENUM_CONVERSION = YES;
				CLANG_WARN_INT_CONVERSION = YES;
				CLANG_WARN_OBJC_ROOT_CLASS = YES_ERROR;
				CLANG_WARN__DUPLICATE_METHOD_MATCH = YES;
				"CODE_SIGN_IDENTITY[sdk=iphoneos*]" = "iPhone Developer";
				COPY_PHASE_STRIP = YES;
				ENABLE_NS_ASSERTIONS = NO;
				GCC_C_LANGUAGE_STANDARD = gnu99;
				GCC_WARN_64_TO_32_BIT_CONVERSION = YES;
				GCC_WARN_ABOUT_RETURN_TYPE = YES_ERROR;
				GCC_WARN_UNDECLARED_SELECTOR = YES;
				GCC_WARN_UNINITIALIZED_AUTOS = YES_AGGRESSIVE;
				GCC_WARN_UNUSED_FUNCTION = YES;
				GCC_WARN_UNUSED_VARIABLE = YES;
				IPHONEOS_DEPLOYMENT_TARGET = 7.1;
				SDKROOT = iphoneos;
				VALIDATE_PRODUCT = YES;
			};
			name = Release;
		};
		9620613218D88BBD00FBAB28 /* Debug */ = {
			isa = XCBuildConfiguration;
			buildSettings = {
				ASSETCATALOG_COMPILER_APPICON_NAME = AppIcon;
				ASSETCATALOG_COMPILER_LAUNCHIMAGE_NAME = LaunchImage;
				GCC_PRECOMPILE_PREFIX_HEADER = YES;
				GCC_PREFIX_HEADER = "Example/Example-Prefix.pch";
				INFOPLIST_FILE = "Example/Example-Info.plist";
				PRODUCT_NAME = "$(TARGET_NAME)";
				WRAPPER_EXTENSION = app;
			};
			name = Debug;
		};
		9620613318D88BBD00FBAB28 /* Release */ = {
			isa = XCBuildConfiguration;
			buildSettings = {
				ASSETCATALOG_COMPILER_APPICON_NAME = AppIcon;
				ASSETCATALOG_COMPILER_LAUNCHIMAGE_NAME = LaunchImage;
				GCC_PRECOMPILE_PREFIX_HEADER = YES;
				GCC_PREFIX_HEADER = "Example/Example-Prefix.pch";
				INFOPLIST_FILE = "Example/Example-Info.plist";
				PRODUCT_NAME = "$(TARGET_NAME)";
				WRAPPER_EXTENSION = app;
			};
			name = Release;
		};
		9620613518D88BBD00FBAB28 /* Debug */ = {
			isa = XCBuildConfiguration;
			buildSettings = {
				BUNDLE_LOADER = "$(BUILT_PRODUCTS_DIR)/Example.app/Example";
				FRAMEWORK_SEARCH_PATHS = (
					"$(SDKROOT)/Developer/Library/Frameworks",
					"$(inherited)",
					"$(DEVELOPER_FRAMEWORKS_DIR)",
				);
				GCC_PRECOMPILE_PREFIX_HEADER = YES;
				GCC_PREFIX_HEADER = "Example/Example-Prefix.pch";
				GCC_PREPROCESSOR_DEFINITIONS = (
					"DEBUG=1",
					"$(inherited)",
				);
				INFOPLIST_FILE = "ExampleTests/ExampleTests-Info.plist";
				PRODUCT_NAME = "$(TARGET_NAME)";
				TEST_HOST = "$(BUNDLE_LOADER)";
				WRAPPER_EXTENSION = xctest;
			};
			name = Debug;
		};
		9620613618D88BBD00FBAB28 /* Release */ = {
			isa = XCBuildConfiguration;
			buildSettings = {
				BUNDLE_LOADER = "$(BUILT_PRODUCTS_DIR)/Example.app/Example";
				FRAMEWORK_SEARCH_PATHS = (
					"$(SDKROOT)/Developer/Library/Frameworks",
					"$(inherited)",
					"$(DEVELOPER_FRAMEWORKS_DIR)",
				);
				GCC_PRECOMPILE_PREFIX_HEADER = YES;
				GCC_PREFIX_HEADER = "Example/Example-Prefix.pch";
				INFOPLIST_FILE = "ExampleTests/ExampleTests-Info.plist";
				PRODUCT_NAME = "$(TARGET_NAME)";
				TEST_HOST = "$(BUNDLE_LOADER)";
				WRAPPER_EXTENSION = xctest;
			};
			name = Release;
		};
/* End XCBuildConfiguration section */

/* Begin XCConfigurationList section */
		962060FA18D88BBD00FBAB28 /* Build configuration list for PBXProject "Example" */ = {
			isa = XCConfigurationList;
			buildConfigurations = (
				9620612F18D88BBD00FBAB28 /* Debug */,
				9620613018D88BBD00FBAB28 /* Release */,
			);
			defaultConfigurationIsVisible = 0;
			defaultConfigurationName = Release;
		};
		9620613118D88BBD00FBAB28 /* Build configuration list for PBXNativeTarget "Example" */ = {
			isa = XCConfigurationList;
			buildConfigurations = (
				9620613218D88BBD00FBAB28 /* Debug */,
				9620613318D88BBD00FBAB28 /* Release */,
			);
			defaultConfigurationIsVisible = 0;
		};
		9620613418D88BBD00FBAB28 /* Build configuration list for PBXNativeTarget "ExampleTests" */ = {
			isa = XCConfigurationList;
			buildConfigurations = (
				9620613518D88BBD00FBAB28 /* Debug */,
				9620613618D88BBD00FBAB28 /* Release */,
			);
			defaultConfigurationIsVisible = 0;
		};
/* End XCConfigurationList section */
	};
	rootObject = 962060F718D88BBC00FBAB28 /* Project object */;
}
